<?xml version="1.0" encoding="utf-8"?>
<Project ToolsVersion="4.0" xmlns="http://schemas.microsoft.com/developer/msbuild/2003">
  <ItemGroup>
    <Filter Include="Source Files">
      <UniqueIdentifier>{4FC737F1-C7A5-4376-A066-2A32D752A2FF}</UniqueIdentifier>
      <Extensions>cpp;c;cc;cxx;c++;cppm;ixx;def;odl;idl;hpj;bat;asm;asmx</Extensions>
    </Filter>
    <Filter Include="Header Files">
      <UniqueIdentifier>{93995380-89BD-4b04-88EB-625FBE52EBFB}</UniqueIdentifier>
      <Extensions>h;hh;hpp;hxx;h++;hm;inl;inc;ipp;xsd</Extensions>
    </Filter>
    <Filter Include="Resource Files">
      <UniqueIdentifier>{67DA6AB6-F800-4c08-8B7A-83BB121AAD01}</UniqueIdentifier>
      <Extensions>rc;ico;cur;bmp;dlg;rc2;rct;bin;rgs;gif;jpg;jpeg;jpe;resx;tiff;tif;png;wav;mfcribbon-ms</Extensions>
    </Filter>
    <Filter Include="Shaders">
      <UniqueIdentifier>{77d1c156-0991-438f-b11f-988f6b3d1200}</UniqueIdentifier>
    </Filter>
    <Filter Include="Shaders\fragment">
      <UniqueIdentifier>{9c8f57fc-498f-4a4d-9541-ee3402a7cef6}</UniqueIdentifier>
    </Filter>
    <Filter Include="Shaders\vertex">
      <UniqueIdentifier>{cfc8d54d-68ab-4db4-a58e-d6d7df828cc9}</UniqueIdentifier>
    </Filter>
    <Filter Include="Shaders\fragment\standard">
      <UniqueIdentifier>{a73bf683-66e6-4479-a2e1-e8fbf73a132d}</UniqueIdentifier>
    </Filter>
    <Filter Include="Shaders\vertex\standard">
      <UniqueIdentifier>{93945e27-ef24-4d53-a316-9d871c2ad4da}</UniqueIdentifier>
    </Filter>
    <Filter Include="Header Files\vendor">
      <UniqueIdentifier>{9f032aba-09f6-4417-90ca-b41071e3e926}</UniqueIdentifier>
    </Filter>
    <Filter Include="Header Files\vendor\stb_image">
      <UniqueIdentifier>{e9a0077b-6186-461a-aa15-f99a7daef35a}</UniqueIdentifier>
    </Filter>
    <Filter Include="Header Files\vendor\entt">
      <UniqueIdentifier>{2c889bcc-5c40-4ec7-b429-adaa3bd122e4}</UniqueIdentifier>
    </Filter>
    <Filter Include="Header Files\vendor\KHR">
      <UniqueIdentifier>{ba74b917-0300-4ef0-ba63-9f27399161af}</UniqueIdentifier>
    </Filter>
    <Filter Include="Header Files\vendor\imgui-docking">
      <UniqueIdentifier>{bed76244-fef3-4f98-ac9b-4ac98b9cc454}</UniqueIdentifier>
    </Filter>
    <Filter Include="Header Files\vendor\glad">
      <UniqueIdentifier>{bdc772b7-f10d-4058-b524-60ebfc9ba60f}</UniqueIdentifier>
    </Filter>
    <Filter Include="Source Files\vendor">
      <UniqueIdentifier>{eb8c9034-724a-4173-aa36-20e0806f8d71}</UniqueIdentifier>
    </Filter>
    <Filter Include="Source Files\vendor\stb_image">
      <UniqueIdentifier>{c48857d6-7054-4b9b-a71a-1df1c9e6ff02}</UniqueIdentifier>
    </Filter>
    <Filter Include="Source Files\vendor\imgui-docking">
      <UniqueIdentifier>{dbdc3859-5557-433c-bae1-8785e252c2d6}</UniqueIdentifier>
    </Filter>
    <Filter Include="Source Files\vendor\glad">
      <UniqueIdentifier>{9c17a55e-07f2-47cf-93bc-50aedf7d49f5}</UniqueIdentifier>
    </Filter>
  </ItemGroup>
  <ItemGroup>
    <ClCompile Include="Main.cpp">
      <Filter>Source Files</Filter>
    </ClCompile>
    <ClCompile Include="..\vendor\imgui-docking\imgui.cpp">
      <Filter>Source Files\vendor\imgui-docking</Filter>
    </ClCompile>
    <ClCompile Include="..\vendor\imgui-docking\imgui_demo.cpp">
      <Filter>Source Files\vendor\imgui-docking</Filter>
    </ClCompile>
    <ClCompile Include="..\vendor\imgui-docking\imgui_draw.cpp">
      <Filter>Source Files\vendor\imgui-docking</Filter>
    </ClCompile>
    <ClCompile Include="..\vendor\imgui-docking\imgui_impl_glfw.cpp">
      <Filter>Source Files\vendor\imgui-docking</Filter>
    </ClCompile>
    <ClCompile Include="..\vendor\imgui-docking\imgui_impl_opengl3.cpp">
      <Filter>Source Files\vendor\imgui-docking</Filter>
    </ClCompile>
    <ClCompile Include="..\vendor\imgui-docking\imgui_tables.cpp">
      <Filter>Source Files\vendor\imgui-docking</Filter>
    </ClCompile>
    <ClCompile Include="..\vendor\imgui-docking\imgui_widgets.cpp">
      <Filter>Source Files\vendor\imgui-docking</Filter>
    </ClCompile>
    <ClCompile Include="..\vendor\glad\glad.c">
      <Filter>Source Files\vendor\glad</Filter>
    </ClCompile>
    <ClCompile Include="stb_image.cpp">
      <Filter>Source Files\vendor\stb_image</Filter>
    </ClCompile>
    <ClCompile Include="entity.cpp">
      <Filter>Source Files</Filter>
    </ClCompile>
    <ClCompile Include="scene.cpp">
      <Filter>Source Files</Filter>
    </ClCompile>
    <ClCompile Include="scene_object.cpp">
      <Filter>Source Files</Filter>
    </ClCompile>
    <ClCompile Include="component_data.cpp">
      <Filter>Source Files</Filter>
    </ClCompile>
    <ClCompile Include="systems.cpp">
      <Filter>Source Files</Filter>
    </ClCompile>
    <ClCompile Include="renderer.cpp">
      <Filter>Source Files</Filter>
    </ClCompile>
    <ClCompile Include="asset_manager.cpp">
      <Filter>Source Files</Filter>
    </ClCompile>
    <ClCompile Include="asset_loader.cpp">
      <Filter>Source Files</Filter>
    </ClCompile>
    <ClCompile Include="ui_manager.cpp">
      <Filter>Source Files</Filter>
    </ClCompile>
    <ClCompile Include="ui_scene_hierarchy_drawer.cpp">
      <Filter>Source Files</Filter>
    </ClCompile>
    <ClCompile Include="ui_object_property_drawer.cpp">
      <Filter>Source Files</Filter>
    </ClCompile>
    <ClCompile Include="ui_component_drawer.cpp">
      <Filter>Source Files</Filter>
    </ClCompile>
  </ItemGroup>
  <ItemGroup>
    <ClInclude Include="..\vendor\imgui-docking\imconfig.h">
      <Filter>Header Files\vendor\imgui-docking</Filter>
    </ClInclude>
    <ClInclude Include="..\vendor\imgui-docking\imgui.h">
      <Filter>Header Files\vendor\imgui-docking</Filter>
    </ClInclude>
    <ClInclude Include="..\vendor\imgui-docking\imgui_impl_glfw.h">
      <Filter>Header Files\vendor\imgui-docking</Filter>
    </ClInclude>
    <ClInclude Include="..\vendor\imgui-docking\imgui_impl_opengl3.h">
      <Filter>Header Files\vendor\imgui-docking</Filter>
    </ClInclude>
    <ClInclude Include="..\vendor\imgui-docking\imgui_impl_opengl3_loader.h">
      <Filter>Header Files\vendor\imgui-docking</Filter>
    </ClInclude>
    <ClInclude Include="..\vendor\imgui-docking\imgui_internal.h">
      <Filter>Header Files\vendor\imgui-docking</Filter>
    </ClInclude>
    <ClInclude Include="..\vendor\imgui-docking\imstb_rectpack.h">
      <Filter>Header Files\vendor\imgui-docking</Filter>
    </ClInclude>
    <ClInclude Include="..\vendor\imgui-docking\imstb_textedit.h">
      <Filter>Header Files\vendor\imgui-docking</Filter>
    </ClInclude>
    <ClInclude Include="..\vendor\imgui-docking\imstb_truetype.h">
      <Filter>Header Files\vendor\imgui-docking</Filter>
    </ClInclude>
    <ClInclude Include="..\vendor\glad\glad.h">
      <Filter>Header Files\vendor\glad</Filter>
    </ClInclude>
    <ClInclude Include="..\vendor\KHR\khrplatform.h">
      <Filter>Header Files\vendor\KHR</Filter>
    </ClInclude>
    <ClInclude Include="..\vendor\stb_image\stb_image.h">
      <Filter>Header Files\vendor\stb_image</Filter>
    </ClInclude>
    <ClInclude Include="..\vendor\entt\entt.hpp">
      <Filter>Header Files\vendor\entt</Filter>
    </ClInclude>
    <ClInclude Include="entity.h">
      <Filter>Header Files</Filter>
    </ClInclude>
    <ClInclude Include="scene.h">
      <Filter>Header Files</Filter>
    </ClInclude>
    <ClInclude Include="components.h">
      <Filter>Header Files</Filter>
    </ClInclude>
    <ClInclude Include="scene_object.h">
      <Filter>Header Files</Filter>
    </ClInclude>
    <ClInclude Include="component_data.h">
      <Filter>Header Files</Filter>
    </ClInclude>
    <ClInclude Include="macros.h">
      <Filter>Header Files</Filter>
    </ClInclude>
    <ClInclude Include="systems.h">
      <Filter>Header Files</Filter>
    </ClInclude>
    <ClInclude Include="renderer.h">
      <Filter>Header Files</Filter>
    </ClInclude>
    <ClInclude Include="asset_loader.h">
      <Filter>Header Files</Filter>
    </ClInclude>
    <ClInclude Include="asset_manager.h">
      <Filter>Header Files</Filter>
    </ClInclude>
    <ClInclude Include="render_info.h">
      <Filter>Header Files</Filter>
    </ClInclude>
    <ClInclude Include="static_conversions.h">
      <Filter>Header Files</Filter>
    </ClInclude>
    <ClInclude Include="ui_manager.h">
      <Filter>Header Files</Filter>
    </ClInclude>
    <ClInclude Include="ui_scene_hierarchy_drawer.h">
      <Filter>Header Files</Filter>
    </ClInclude>
    <ClInclude Include="ui_object_property_drawer.h">
      <Filter>Header Files</Filter>
    </ClInclude>
    <ClInclude Include="ui_component_drawer.h">
      <Filter>Header Files</Filter>
    </ClInclude>
  </ItemGroup>
  <ItemGroup>
    <None Include="..\assets\shaders\fragment\frag.glsl">
      <Filter>Shaders\fragment</Filter>
    </None>
    <None Include="..\assets\shaders\vertex\vert.glsl">
      <Filter>Shaders\vertex</Filter>
    </None>
    <None Include="..\assets\shaders\vertex\vert2.glsl">
      <Filter>Shaders\vertex</Filter>
    </None>
    <None Include="..\assets\shaders\fragment\standard\standardunlit.glsl">
      <Filter>Shaders\fragment\standard</Filter>
    </None>
    <None Include="..\assets\shaders\vertex\standard\standardunlit.glsl">
      <Filter>Shaders\vertex\standard</Filter>
    </None>
  </ItemGroup>
</Project>