<?xml version="1.0" encoding="utf-8"?>
<Project ToolsVersion="4.0" xmlns="http://schemas.microsoft.com/developer/msbuild/2003">
  <ItemGroup>
    <Filter Include="Source Files">
      <UniqueIdentifier>{4FC737F1-C7A5-4376-A066-2A32D752A2FF}</UniqueIdentifier>
      <Extensions>cpp;c;cc;cxx;c++;cppm;ixx;def;odl;idl;hpj;bat;asm;asmx</Extensions>
    </Filter>
    <Filter Include="Header Files">
      <UniqueIdentifier>{93995380-89BD-4b04-88EB-625FBE52EBFB}</UniqueIdentifier>
      <Extensions>h;hh;hpp;hxx;h++;hm;inl;inc;ipp;xsd</Extensions>
    </Filter>
    <Filter Include="Resource Files">
      <UniqueIdentifier>{67DA6AB6-F800-4c08-8B7A-83BB121AAD01}</UniqueIdentifier>
      <Extensions>rc;ico;cur;bmp;dlg;rc2;rct;bin;rgs;gif;jpg;jpeg;jpe;resx;tiff;tif;png;wav;mfcribbon-ms</Extensions>
    </Filter>
    <Filter Include="Shaders">
      <UniqueIdentifier>{77d1c156-0991-438f-b11f-988f6b3d1200}</UniqueIdentifier>
    </Filter>
    <Filter Include="Shaders\fragment">
      <UniqueIdentifier>{9c8f57fc-498f-4a4d-9541-ee3402a7cef6}</UniqueIdentifier>
    </Filter>
    <Filter Include="Shaders\vertex">
      <UniqueIdentifier>{cfc8d54d-68ab-4db4-a58e-d6d7df828cc9}</UniqueIdentifier>
    </Filter>
    <Filter Include="Shaders\fragment\standard">
      <UniqueIdentifier>{a73bf683-66e6-4479-a2e1-e8fbf73a132d}</UniqueIdentifier>
    </Filter>
    <Filter Include="Shaders\vertex\standard">
      <UniqueIdentifier>{93945e27-ef24-4d53-a316-9d871c2ad4da}</UniqueIdentifier>
    </Filter>
    <Filter Include="Header Files\vendor">
      <UniqueIdentifier>{9f032aba-09f6-4417-90ca-b41071e3e926}</UniqueIdentifier>
    </Filter>
    <Filter Include="Header Files\vendor\stb_image">
      <UniqueIdentifier>{e9a0077b-6186-461a-aa15-f99a7daef35a}</UniqueIdentifier>
    </Filter>
    <Filter Include="Header Files\vendor\entt">
      <UniqueIdentifier>{2c889bcc-5c40-4ec7-b429-adaa3bd122e4}</UniqueIdentifier>
    </Filter>
    <Filter Include="Header Files\vendor\KHR">
      <UniqueIdentifier>{ba74b917-0300-4ef0-ba63-9f27399161af}</UniqueIdentifier>
    </Filter>
    <Filter Include="Header Files\vendor\imgui-docking">
      <UniqueIdentifier>{bed76244-fef3-4f98-ac9b-4ac98b9cc454}</UniqueIdentifier>
    </Filter>
    <Filter Include="Header Files\vendor\glad">
      <UniqueIdentifier>{bdc772b7-f10d-4058-b524-60ebfc9ba60f}</UniqueIdentifier>
    </Filter>
    <Filter Include="Source Files\vendor">
      <UniqueIdentifier>{eb8c9034-724a-4173-aa36-20e0806f8d71}</UniqueIdentifier>
    </Filter>
    <Filter Include="Source Files\vendor\stb_image">
      <UniqueIdentifier>{c48857d6-7054-4b9b-a71a-1df1c9e6ff02}</UniqueIdentifier>
    </Filter>
    <Filter Include="Source Files\vendor\imgui-docking">
      <UniqueIdentifier>{dbdc3859-5557-433c-bae1-8785e252c2d6}</UniqueIdentifier>
    </Filter>
    <Filter Include="Source Files\vendor\glad">
      <UniqueIdentifier>{9c17a55e-07f2-47cf-93bc-50aedf7d49f5}</UniqueIdentifier>
    </Filter>
    <Filter Include="Header Files\engine">
      <UniqueIdentifier>{f295c699-5efe-4885-8ffd-d3799ff80f4e}</UniqueIdentifier>
    </Filter>
    <Filter Include="Header Files\engine\renderer">
      <UniqueIdentifier>{881a5e0c-b1a7-4620-a617-eb9f6e3728a0}</UniqueIdentifier>
    </Filter>
    <Filter Include="Header Files\engine\editor">
      <UniqueIdentifier>{78034814-cbd9-41ee-bfd3-6f13782c158d}</UniqueIdentifier>
    </Filter>
    <Filter Include="Header Files\engine\game">
      <UniqueIdentifier>{010e631a-7ec1-4649-af1a-35f470631a89}</UniqueIdentifier>
    </Filter>
    <Filter Include="Header Files\engine\resources">
      <UniqueIdentifier>{abf7fa2e-fdbb-4318-a7b8-8f6144cb0f6c}</UniqueIdentifier>
    </Filter>
    <Filter Include="Header Files\engine\ui">
      <UniqueIdentifier>{11904a9c-9d78-47bd-b08a-1c3c6fc00dc9}</UniqueIdentifier>
    </Filter>
    <Filter Include="Header Files\engine\utilities">
      <UniqueIdentifier>{0b5dafe1-fa24-4054-baa4-ce8e94fbce32}</UniqueIdentifier>
    </Filter>
    <Filter Include="Source Files\engine">
      <UniqueIdentifier>{2d0fb246-3c0a-4533-8d49-bd20f41448e8}</UniqueIdentifier>
    </Filter>
    <Filter Include="Source Files\engine\editor">
      <UniqueIdentifier>{229c6c90-ec20-4bb9-b839-0a6b6632e9df}</UniqueIdentifier>
    </Filter>
    <Filter Include="Source Files\engine\renderer">
      <UniqueIdentifier>{ae559937-61fe-4a00-81a9-230b2faa6c03}</UniqueIdentifier>
    </Filter>
    <Filter Include="Source Files\engine\resources">
      <UniqueIdentifier>{a7ad0933-5be3-4208-be2b-809122647a4c}</UniqueIdentifier>
    </Filter>
    <Filter Include="Source Files\engine\utilities">
      <UniqueIdentifier>{5b53879d-9751-4da6-83d0-4456a5c70de7}</UniqueIdentifier>
    </Filter>
    <Filter Include="Source Files\engine\ui">
      <UniqueIdentifier>{37f8d3e3-0697-4890-bada-8056e6271756}</UniqueIdentifier>
    </Filter>
    <Filter Include="Source Files\engine\game">
      <UniqueIdentifier>{607850a4-2e07-473b-b48f-1fe89091dfbb}</UniqueIdentifier>
    </Filter>
    <Filter Include="Header Files\vendor\nlohmann">
      <UniqueIdentifier>{0e4d4fc5-d0f5-4dc4-b897-2d1979dbd0d6}</UniqueIdentifier>
    </Filter>
    <Filter Include="Source Files\vendor\imguizmo">
      <UniqueIdentifier>{4ea0ca21-475a-4ce4-9644-34d87e85dcdd}</UniqueIdentifier>
    </Filter>
    <Filter Include="Header Files\vendor\imguizmo">
      <UniqueIdentifier>{d61c7fae-bfca-452a-a532-b5aa3dd76fc6}</UniqueIdentifier>
    </Filter>
    <Filter Include="Shaders\engine">
      <UniqueIdentifier>{1cd15715-9e8c-44a9-b228-d1d4a2b90200}</UniqueIdentifier>
    </Filter>
    <Filter Include="Header Files\engine\core">
      <UniqueIdentifier>{e5c9a0f6-8583-4133-8cc9-802682a645ca}</UniqueIdentifier>
    </Filter>
    <Filter Include="Source Files\engine\core">
      <UniqueIdentifier>{36e12253-4eb2-419a-a9d6-e89f8974c38a}</UniqueIdentifier>
    </Filter>
  </ItemGroup>
  <ItemGroup>
    <ClCompile Include="Main.cpp">
      <Filter>Source Files</Filter>
    </ClCompile>
    <ClCompile Include="..\vendor\imgui-docking\imgui.cpp">
      <Filter>Source Files\vendor\imgui-docking</Filter>
    </ClCompile>
    <ClCompile Include="..\vendor\imgui-docking\imgui_demo.cpp">
      <Filter>Source Files\vendor\imgui-docking</Filter>
    </ClCompile>
    <ClCompile Include="..\vendor\imgui-docking\imgui_draw.cpp">
      <Filter>Source Files\vendor\imgui-docking</Filter>
    </ClCompile>
    <ClCompile Include="..\vendor\imgui-docking\imgui_impl_glfw.cpp">
      <Filter>Source Files\vendor\imgui-docking</Filter>
    </ClCompile>
    <ClCompile Include="..\vendor\imgui-docking\imgui_impl_opengl3.cpp">
      <Filter>Source Files\vendor\imgui-docking</Filter>
    </ClCompile>
    <ClCompile Include="..\vendor\imgui-docking\imgui_tables.cpp">
      <Filter>Source Files\vendor\imgui-docking</Filter>
    </ClCompile>
    <ClCompile Include="..\vendor\imgui-docking\imgui_widgets.cpp">
      <Filter>Source Files\vendor\imgui-docking</Filter>
    </ClCompile>
    <ClCompile Include="..\vendor\glad\glad.c">
      <Filter>Source Files\vendor\glad</Filter>
    </ClCompile>
    <ClCompile Include="src\engine\editor\scene.cpp">
      <Filter>Source Files\engine\editor</Filter>
    </ClCompile>
    <ClCompile Include="src\engine\editor\scene_object.cpp">
      <Filter>Source Files\engine\editor</Filter>
    </ClCompile>
    <ClCompile Include="src\engine\game\component_data.cpp">
      <Filter>Source Files\engine\game</Filter>
    </ClCompile>
    <ClCompile Include="src\engine\ui\ui_component_drawer.cpp">
      <Filter>Source Files\engine\ui</Filter>
    </ClCompile>
    <ClCompile Include="src\engine\ui\ui_manager.cpp">
      <Filter>Source Files\engine\ui</Filter>
    </ClCompile>
    <ClCompile Include="src\engine\ui\ui_object_property_drawer.cpp">
      <Filter>Source Files\engine\ui</Filter>
    </ClCompile>
    <ClCompile Include="src\engine\ui\ui_scene_hierarchy_drawer.cpp">
      <Filter>Source Files\engine\ui</Filter>
    </ClCompile>
    <ClCompile Include="src\engine\resources\asset_loader.cpp">
      <Filter>Source Files\engine\resources</Filter>
    </ClCompile>
    <ClCompile Include="src\engine\resources\asset_manager.cpp">
      <Filter>Source Files\engine\resources</Filter>
    </ClCompile>
    <ClCompile Include="src\engine\resources\obj_parser.cpp">
      <Filter>Source Files\engine\resources</Filter>
    </ClCompile>
    <ClCompile Include="src\engine\resources\scene_object_registry.cpp">
      <Filter>Source Files\engine\resources</Filter>
    </ClCompile>
    <ClCompile Include="src\engine\renderer\renderer.cpp">
      <Filter>Source Files\engine\renderer</Filter>
    </ClCompile>
    <ClCompile Include="..\vendor\stb_image\stb_image.cpp">
      <Filter>Source Files\vendor\stb_image</Filter>
    </ClCompile>
    <ClCompile Include="src\engine\renderer\vao_loader.cpp">
      <Filter>Source Files\engine\renderer</Filter>
    </ClCompile>
    <ClCompile Include="src\engine\renderer\obj_renderer.cpp">
      <Filter>Source Files\engine\renderer</Filter>
    </ClCompile>
    <ClCompile Include="src\engine\renderer\shader_program.cpp">
      <Filter>Source Files\engine\renderer</Filter>
    </ClCompile>
    <ClCompile Include="src\engine\resources\data_storage.cpp">
      <Filter>Source Files\engine\resources</Filter>
    </ClCompile>
    <ClCompile Include="game_engine.cpp">
      <Filter>Source Files</Filter>
    </ClCompile>
    <ClCompile Include="src\engine\resources\message_queue.cpp">
      <Filter>Source Files\engine\resources</Filter>
    </ClCompile>
    <ClCompile Include="src\engine\game\camera.cpp">
      <Filter>Source Files\engine\game</Filter>
    </ClCompile>
    <ClCompile Include="src\engine\renderer\frame_buffer.cpp">
      <Filter>Source Files\engine\renderer</Filter>
    </ClCompile>
    <ClCompile Include="src\engine\renderer\glfw_context.cpp">
      <Filter>Source Files\engine\renderer</Filter>
    </ClCompile>
    <ClCompile Include="src\engine\renderer\texture.cpp">
      <Filter>Source Files\engine\renderer</Filter>
    </ClCompile>
    <ClCompile Include="src\engine\game\input_manager.cpp">
      <Filter>Source Files\engine\game</Filter>
    </ClCompile>
    <ClCompile Include="src\engine\ui\imgui_manager.cpp">
      <Filter>Source Files\engine\ui</Filter>
    </ClCompile>
    <ClCompile Include="src\engine\renderer\texture_loader.cpp">
      <Filter>Source Files\engine\renderer</Filter>
    </ClCompile>
    <ClCompile Include="src\engine\resources\model_loader.cpp">
      <Filter>Source Files\engine\resources</Filter>
    </ClCompile>
    <ClCompile Include="src\engine\editor\component_factory.cpp">
      <Filter>Source Files\engine\editor</Filter>
    </ClCompile>
    <ClCompile Include="src\engine\game\components.cpp">
      <Filter>Source Files\engine\game</Filter>
    </ClCompile>
    <ClCompile Include="src\engine\editor\field_serialization_registry.cpp">
      <Filter>Source Files\engine\editor</Filter>
    </ClCompile>
    <ClCompile Include="src\engine\editor\serialization.cpp">
      <Filter>Source Files\engine\utilities</Filter>
    </ClCompile>
    <ClCompile Include="src\engine\resources\material_loader.cpp">
      <Filter>Source Files\engine\resources</Filter>
    </ClCompile>
    <ClCompile Include="src\engine\resources\shader_loader.cpp">
      <Filter>Source Files\engine\resources</Filter>
    </ClCompile>
    <ClCompile Include="content_browser.cpp">
      <Filter>Source Files</Filter>
    </ClCompile>
    <ClCompile Include="src\engine\core\game_thread.cpp">
      <Filter>Source Files\engine\core</Filter>
    </ClCompile>
    <ClCompile Include="src\engine\core\worker_thread.cpp">
      <Filter>Source Files\engine\core</Filter>
    </ClCompile>
    <ClCompile Include="src\engine\core\systems_context.cpp">
      <Filter>Source Files\engine\core</Filter>
    </ClCompile>
    <ClCompile Include="src\engine\game\system_base.cpp">
      <Filter>Source Files\engine\game</Filter>
    </ClCompile>
    <ClCompile Include="src\engine\game\systems.cpp">
      <Filter>Source Files\engine\game</Filter>
    </ClCompile>
  </ItemGroup>
  <ItemGroup>
    <ClInclude Include="..\vendor\imgui-docking\imconfig.h">
      <Filter>Header Files\vendor\imgui-docking</Filter>
    </ClInclude>
    <ClInclude Include="..\vendor\imgui-docking\imgui.h">
      <Filter>Header Files\vendor\imgui-docking</Filter>
    </ClInclude>
    <ClInclude Include="..\vendor\imgui-docking\imgui_impl_glfw.h">
      <Filter>Header Files\vendor\imgui-docking</Filter>
    </ClInclude>
    <ClInclude Include="..\vendor\imgui-docking\imgui_impl_opengl3.h">
      <Filter>Header Files\vendor\imgui-docking</Filter>
    </ClInclude>
    <ClInclude Include="..\vendor\imgui-docking\imgui_impl_opengl3_loader.h">
      <Filter>Header Files\vendor\imgui-docking</Filter>
    </ClInclude>
    <ClInclude Include="..\vendor\imgui-docking\imgui_internal.h">
      <Filter>Header Files\vendor\imgui-docking</Filter>
    </ClInclude>
    <ClInclude Include="..\vendor\imgui-docking\imstb_rectpack.h">
      <Filter>Header Files\vendor\imgui-docking</Filter>
    </ClInclude>
    <ClInclude Include="..\vendor\imgui-docking\imstb_textedit.h">
      <Filter>Header Files\vendor\imgui-docking</Filter>
    </ClInclude>
    <ClInclude Include="..\vendor\imgui-docking\imstb_truetype.h">
      <Filter>Header Files\vendor\imgui-docking</Filter>
    </ClInclude>
    <ClInclude Include="..\vendor\glad\glad.h">
      <Filter>Header Files\vendor\glad</Filter>
    </ClInclude>
    <ClInclude Include="..\vendor\KHR\khrplatform.h">
      <Filter>Header Files\vendor\KHR</Filter>
    </ClInclude>
    <ClInclude Include="..\vendor\stb_image\stb_image.h">
      <Filter>Header Files\vendor\stb_image</Filter>
    </ClInclude>
    <ClInclude Include="..\vendor\entt\entt.hpp">
      <Filter>Header Files\vendor\entt</Filter>
    </ClInclude>
    <ClInclude Include="include\engine\renderer\render_info.h">
      <Filter>Header Files\engine\renderer</Filter>
    </ClInclude>
    <ClInclude Include="include\engine\renderer\renderer.h">
      <Filter>Header Files\engine\renderer</Filter>
    </ClInclude>
    <ClInclude Include="include\engine\editor\scene.h">
      <Filter>Header Files\engine\editor</Filter>
    </ClInclude>
    <ClInclude Include="include\engine\editor\scene_object.h">
      <Filter>Header Files\engine\editor</Filter>
    </ClInclude>
    <ClInclude Include="include\engine\game\component_data.h">
      <Filter>Header Files\engine\game</Filter>
    </ClInclude>
    <ClInclude Include="include\engine\game\components.h">
      <Filter>Header Files\engine\game</Filter>
    </ClInclude>
    <ClInclude Include="include\engine\resources\asset_loader.h">
      <Filter>Header Files\engine\resources</Filter>
    </ClInclude>
    <ClInclude Include="include\engine\resources\asset_manager.h">
      <Filter>Header Files\engine\resources</Filter>
    </ClInclude>
    <ClInclude Include="include\engine\resources\obj_parser.h">
      <Filter>Header Files\engine\resources</Filter>
    </ClInclude>
    <ClInclude Include="include\engine\resources\scene_object_registry.h">
      <Filter>Header Files\engine\resources</Filter>
    </ClInclude>
    <ClInclude Include="include\engine\ui\ui_component_drawer.h">
      <Filter>Header Files\engine\ui</Filter>
    </ClInclude>
    <ClInclude Include="include\engine\ui\ui_manager.h">
      <Filter>Header Files\engine\ui</Filter>
    </ClInclude>
    <ClInclude Include="include\engine\ui\ui_object_property_drawer.h">
      <Filter>Header Files\engine\ui</Filter>
    </ClInclude>
    <ClInclude Include="include\engine\ui\ui_scene_hierarchy_drawer.h">
      <Filter>Header Files\engine\ui</Filter>
    </ClInclude>
    <ClInclude Include="include\engine\utilities\macros.h">
      <Filter>Header Files\engine\utilities</Filter>
    </ClInclude>
    <ClInclude Include="include\engine\utilities\static_conversions.h">
      <Filter>Header Files\engine\utilities</Filter>
    </ClInclude>
    <ClInclude Include="include\engine\utilities\utilities.h">
      <Filter>Header Files\engine\utilities</Filter>
    </ClInclude>
    <ClInclude Include="include\engine\renderer\vao_loader.h">
      <Filter>Header Files\engine\renderer</Filter>
    </ClInclude>
    <ClInclude Include="include\engine\renderer\obj_renderer.h">
      <Filter>Header Files\engine\renderer</Filter>
    </ClInclude>
    <ClInclude Include="include\engine\renderer\shader_loader.h">
      <Filter>Header Files\engine\renderer</Filter>
    </ClInclude>
    <ClInclude Include="include\engine\renderer\shader_program.h">
      <Filter>Header Files\engine\renderer</Filter>
    </ClInclude>
    <ClInclude Include="include\engine\resources\data_storage.h">
      <Filter>Header Files\engine\resources</Filter>
    </ClInclude>
    <ClInclude Include="game_engine.h">
      <Filter>Header Files</Filter>
    </ClInclude>
    <ClInclude Include="include\engine\resources\message_queue.h">
      <Filter>Header Files\engine\resources</Filter>
    </ClInclude>
    <ClInclude Include="include\engine\utilities\entt_modified.h">
      <Filter>Header Files\engine\utilities</Filter>
    </ClInclude>
    <ClInclude Include="include\engine\utilities\memory_checking.h">
      <Filter>Header Files\engine\utilities</Filter>
    </ClInclude>
    <ClInclude Include="include\engine\utilities\hashed_string_64.h">
      <Filter>Header Files\engine\utilities</Filter>
    </ClInclude>
    <ClInclude Include="include\engine\resources\job_info.h">
      <Filter>Header Files\engine\resources</Filter>
    </ClInclude>
    <ClInclude Include="include\engine\game\camera.h">
      <Filter>Header Files\engine\game</Filter>
    </ClInclude>
    <ClInclude Include="include\engine\renderer\glfw_context.h">
      <Filter>Header Files\engine\renderer</Filter>
    </ClInclude>
    <ClInclude Include="include\engine\renderer\texture.h">
      <Filter>Header Files\engine\renderer</Filter>
    </ClInclude>
    <ClInclude Include="include\engine\game\input_manager.h">
      <Filter>Header Files\engine\game</Filter>
    </ClInclude>
    <ClInclude Include="include\engine\ui\imgui_manager.h">
      <Filter>Header Files\engine\ui</Filter>
    </ClInclude>
    <ClInclude Include="include\engine\renderer\texture_loader.h">
      <Filter>Header Files\engine\renderer</Filter>
    </ClInclude>
    <ClInclude Include="include\engine\resources\model_loader.h">
      <Filter>Header Files\engine\resources</Filter>
    </ClInclude>
    <ClInclude Include="include\engine\editor\component_factory.h">
      <Filter>Header Files\engine\editor</Filter>
    </ClInclude>
    <ClInclude Include="include\engine\editor\component_registry.h">
      <Filter>Header Files\engine\editor</Filter>
    </ClInclude>
    <ClInclude Include="include\engine\editor\field_info.h">
      <Filter>Header Files\engine\editor</Filter>
    </ClInclude>
    <ClInclude Include="include\engine\editor\componentdata_macros.h">
      <Filter>Header Files\engine\editor</Filter>
    </ClInclude>
    <ClInclude Include="include\engine\renderer\frame_buffer.h">
      <Filter>Header Files\engine\renderer</Filter>
    </ClInclude>
    <ClInclude Include="include\engine\editor\field_serialization_registry.h">
      <Filter>Header Files\engine\editor</Filter>
    </ClInclude>
    <ClInclude Include="..\vendor\nlohmann\json.hpp">
      <Filter>Header Files\vendor\nlohmann</Filter>
    </ClInclude>
    <ClInclude Include="include\engine\editor\field_serialization_macro.h">
      <Filter>Header Files\engine\editor</Filter>
    </ClInclude>
    <ClInclude Include="include\engine\utilities\serialization.h">
      <Filter>Header Files\engine\utilities</Filter>
    </ClInclude>
    <ClInclude Include="include\engine\utilities\base_serializers.h">
      <Filter>Header Files\engine\utilities</Filter>
    </ClInclude>
    <ClInclude Include="include\engine\editor\field_serialization_entires.h">
      <Filter>Header Files\engine\editor</Filter>
    </ClInclude>
    <ClInclude Include="include\engine\editor\component_entries.h">
      <Filter>Header Files\engine\editor</Filter>
    </ClInclude>
    <ClInclude Include="include\engine\resources\uniform_registry.h">
      <Filter>Header Files\engine\resources</Filter>
    </ClInclude>
    <ClInclude Include="include\engine\resources\data_structs.h">
      <Filter>Header Files\engine\resources</Filter>
    </ClInclude>
    <ClInclude Include="include\engine\resources\material_loader.h">
      <Filter>Header Files\engine\resources</Filter>
    </ClInclude>
    <ClInclude Include="include\engine\resources\shader_loader.h">
      <Filter>Header Files\engine\resources</Filter>
    </ClInclude>
    <ClInclude Include="content_browser.h">
      <Filter>Header Files</Filter>
    </ClInclude>
    <ClInclude Include="include\engine\core\game_thread.h">
      <Filter>Header Files\engine\core</Filter>
    </ClInclude>
    <ClInclude Include="include\engine\core\worker_thread.h">
      <Filter>Header Files\engine\core</Filter>
    </ClInclude>
    <ClInclude Include="include\engine\core\systems_context.h">
      <Filter>Header Files\engine\core</Filter>
    </ClInclude>
    <ClInclude Include="include\engine\game\system_base.h">
      <Filter>Header Files\engine\game</Filter>
    </ClInclude>
    <ClInclude Include="include\engine\game\systems.h">
      <Filter>Header Files\engine\game</Filter>
    </ClInclude>
    <ClInclude Include="include\engine\editor\systems_registry.h">
      <Filter>Header Files\engine\editor</Filter>
    </ClInclude>
    <ClInclude Include="include\engine\editor\systems_entries.h">
      <Filter>Header Files\engine\editor</Filter>
    </ClInclude>
  </ItemGroup>
  <ItemGroup>
    <None Include="..\assets\shaders\fragment\frag.glsl">
      <Filter>Shaders\fragment</Filter>
    </None>
    <None Include="..\assets\shaders\vertex\vert.glsl">
      <Filter>Shaders\vertex</Filter>
    </None>
    <None Include="..\assets\shaders\vertex\vert2.glsl">
      <Filter>Shaders\vertex</Filter>
    </None>
    <None Include="..\assets\shaders\fragment\standard\standardunlit.glsl">
      <Filter>Shaders\fragment\standard</Filter>
    </None>
    <None Include="..\assets\shaders\vertex\standard\standardunlit.glsl">
      <Filter>Shaders\vertex\standard</Filter>
    </None>
    <None Include="cpp.hint" />
    <None Include="..\assets\shaders\vertex\color_vert.glsl">
      <Filter>Shaders\vertex</Filter>
    </None>
    <None Include="..\assets\shaders\fragment\color_frag.glsl">
      <Filter>Shaders\fragment</Filter>
    </None>
    <None Include="..\assets\shaders\fragment\test_frag.glsl">
      <Filter>Shaders\fragment</Filter>
    </None>
    <None Include="..\assets\shaders\vertex\test_vert.glsl">
      <Filter>Shaders\vertex</Filter>
    </None>
    <None Include="..\assets\shaders\vertex\deffered_vert.glsl">
      <Filter>Shaders\vertex</Filter>
    </None>
    <None Include="..\assets\shaders\engine\shadow_vert.glsl">
      <Filter>Shaders\engine</Filter>
    </None>
    <None Include="..\assets\shaders\engine\shadow_frag.glsl">
      <Filter>Shaders\engine</Filter>
    </None>
    <None Include="..\assets\shaders\engine\lighting_frag.glsl">
      <Filter>Shaders\engine</Filter>
    </None>
    <None Include="..\assets\shaders\engine\lighting_vert.glsl">
      <Filter>Shaders\engine</Filter>
    </None>
    <None Include="..\assets\shaders\engine\pbr_lighting_frag.glsl">
      <Filter>Shaders\engine</Filter>
    </None>
    <None Include="..\assets\shaders\fragment\deffered_frag.glsl">
      <Filter>Shaders\fragment</Filter>
    </None>
  </ItemGroup>
</Project>